Microsoft Visual Studio Solution File, Format Version 12.00
# Visual Studio Version 17
VisualStudioVersion = 17.5.2.0
MinimumVisualStudioVersion = 10.0.40219.1
Project("{FAE04EC0-301F-11D3-BF4B-00C04F79EFBC}") = "NewsApp2", "NewsApp2.csproj", "{467EA2F1-BE5C-C1E5-B77B-C35731D697C3}"
EndProject
Global
	GlobalSection(SolutionConfigurationPlatforms) = preSolution
		Debug|Any CPU = Debug|Any CPU
		Release|Any CPU = Release|Any CPU
	EndGlobalSection
	GlobalSection(ProjectConfigurationPlatforms) = postSolution
		{467EA2F1-BE5C-C1E5-B77B-C35731D697C3}.Debug|Any CPU.ActiveCfg = Debug|Any CPU
		{467EA2F1-BE5C-C1E5-B77B-C35731D697C3}.Debug|Any CPU.Build.0 = Debug|Any CPU
		{467EA2F1-BE5C-C1E5-B77B-C35731D697C3}.Release|Any CPU.ActiveCfg = Release|Any CPU
		{467EA2F1-BE5C-C1E5-B77B-C35731D697C3}.Release|Any CPU.Build.0 = Release|Any CPU
	EndGlobalSection
	GlobalSection(SolutionProperties) = preSolution
		HideSolutionNode = FALSE
	EndGlobalSection
	GlobalSection(ExtensibilityGlobals) = postSolution
		SolutionGuid = {0AEBEB17-4C86-4FC0-9C84-9E004D074CAA}
	EndGlobalSection
EndGlobal
